
Microsoft Visual Studio Solution File, Format Version 12.00
# Visual Studio Version 16
VisualStudioVersion = 16.0.30406.217
MinimumVisualStudioVersion = 10.0.40219.1
Project("{FAE04EC0-301F-11D3-BF4B-00C04F79EFBC}") = "7WondersTester", "7WondersTester\7WondersTester.csproj", "{DC55A79B-52CF-4DDA-B474-B83593428B16}"
EndProject
Project("{FAE04EC0-301F-11D3-BF4B-00C04F79EFBC}") = "7WondersLibrary", "7WondersLibrary\7WondersLibrary.csproj", "{4F1620EE-9A50-4F71-825D-7EEB076C819B}"
EndProject
Project("{FAE04EC0-301F-11D3-BF4B-00C04F79EFBC}") = "7WondersEvolution", "7WondersEvolution\7WondersEvolution.csproj", "{92950C9A-72E9-463F-B948-1160D7DBEC2F}"
EndProject
Project("{FAE04EC0-301F-11D3-BF4B-00C04F79EFBC}") = "PerformanceTester", "PerformanceTester\PerformanceTester.csproj", "{F6C4B9B2-6F31-4AA0-91C6-8F334FE8BC53}"
EndProject
Global
	GlobalSection(SolutionConfigurationPlatforms) = preSolution
		Debug|Any CPU = Debug|Any CPU
		Release|Any CPU = Release|Any CPU
	EndGlobalSection
	GlobalSection(ProjectConfigurationPlatforms) = postSolution
		{DC55A79B-52CF-4DDA-B474-B83593428B16}.Debug|Any CPU.ActiveCfg = Debug|Any CPU
		{DC55A79B-52CF-4DDA-B474-B83593428B16}.Debug|Any CPU.Build.0 = Debug|Any CPU
		{DC55A79B-52CF-4DDA-B474-B83593428B16}.Release|Any CPU.ActiveCfg = Release|Any CPU
		{DC55A79B-52CF-4DDA-B474-B83593428B16}.Release|Any CPU.Build.0 = Release|Any CPU
		{4F1620EE-9A50-4F71-825D-7EEB076C819B}.Debug|Any CPU.ActiveCfg = Debug|Any CPU
		{4F1620EE-9A50-4F71-825D-7EEB076C819B}.Debug|Any CPU.Build.0 = Debug|Any CPU
		{4F1620EE-9A50-4F71-825D-7EEB076C819B}.Release|Any CPU.ActiveCfg = Release|Any CPU
		{4F1620EE-9A50-4F71-825D-7EEB076C819B}.Release|Any CPU.Build.0 = Release|Any CPU
		{92950C9A-72E9-463F-B948-1160D7DBEC2F}.Debug|Any CPU.ActiveCfg = Debug|Any CPU
		{92950C9A-72E9-463F-B948-1160D7DBEC2F}.Debug|Any CPU.Build.0 = Debug|Any CPU
		{92950C9A-72E9-463F-B948-1160D7DBEC2F}.Release|Any CPU.ActiveCfg = Release|Any CPU
		{92950C9A-72E9-463F-B948-1160D7DBEC2F}.Release|Any CPU.Build.0 = Release|Any CPU
		{F6C4B9B2-6F31-4AA0-91C6-8F334FE8BC53}.Debug|Any CPU.ActiveCfg = Debug|Any CPU
		{F6C4B9B2-6F31-4AA0-91C6-8F334FE8BC53}.Debug|Any CPU.Build.0 = Debug|Any CPU
		{F6C4B9B2-6F31-4AA0-91C6-8F334FE8BC53}.Release|Any CPU.ActiveCfg = Release|Any CPU
		{F6C4B9B2-6F31-4AA0-91C6-8F334FE8BC53}.Release|Any CPU.Build.0 = Release|Any CPU
	EndGlobalSection
	GlobalSection(SolutionProperties) = preSolution
		HideSolutionNode = FALSE
	EndGlobalSection
	GlobalSection(ExtensibilityGlobals) = postSolution
		SolutionGuid = {46811933-4463-4C66-B1E5-7E8123DFD5F1}
	EndGlobalSection
EndGlobal
